
Microsoft Visual Studio Solution File, Format Version 12.00
# Visual Studio Version 17
VisualStudioVersion = 17.11.35312.102
MinimumVisualStudioVersion = 10.0.40219.1
Project("{9A19103F-16F7-4668-BE54-9A1E7A4F7556}") = "Alison.Library", "Alison.Library\Alison.Library.csproj", "{ED93A434-71BC-4C0A-A601-66708E6BF092}"
EndProject
Project("{FAE04EC0-301F-11D3-BF4B-00C04F79EFBC}") = "Alison.UnitTests", "Alison.UnitTests\Alison.UnitTests.csproj", "{5BA9A99C-76FA-475D-B417-D463EEF440EF}"
EndProject
Project("{FAE04EC0-301F-11D3-BF4B-00C04F79EFBC}") = "Alison.DemoApp", "Alison.DemoApp\Alison.DemoApp.csproj", "{18E69A7C-0554-41B5-83DD-6FB26CEB1A30}"
EndProject
Project("{9A19103F-16F7-4668-BE54-9A1E7A4F7556}") = "Factotum", "..\..\..\Factotum\Code\CSharp\Factotum.csproj", "{690C1EF2-10AA-4F16-B10D-8D22DE17FA52}"
EndProject
Global
	GlobalSection(SolutionConfigurationPlatforms) = preSolution
		Debug|Any CPU = Debug|Any CPU
		Release|Any CPU = Release|Any CPU
	EndGlobalSection
	GlobalSection(ProjectConfigurationPlatforms) = postSolution
		{ED93A434-71BC-4C0A-A601-66708E6BF092}.Debug|Any CPU.ActiveCfg = Debug|Any CPU
		{ED93A434-71BC-4C0A-A601-66708E6BF092}.Debug|Any CPU.Build.0 = Debug|Any CPU
		{ED93A434-71BC-4C0A-A601-66708E6BF092}.Release|Any CPU.ActiveCfg = Release|Any CPU
		{ED93A434-71BC-4C0A-A601-66708E6BF092}.Release|Any CPU.Build.0 = Release|Any CPU
		{5BA9A99C-76FA-475D-B417-D463EEF440EF}.Debug|Any CPU.ActiveCfg = Debug|Any CPU
		{5BA9A99C-76FA-475D-B417-D463EEF440EF}.Debug|Any CPU.Build.0 = Debug|Any CPU
		{5BA9A99C-76FA-475D-B417-D463EEF440EF}.Release|Any CPU.ActiveCfg = Release|Any CPU
		{5BA9A99C-76FA-475D-B417-D463EEF440EF}.Release|Any CPU.Build.0 = Release|Any CPU
		{18E69A7C-0554-41B5-83DD-6FB26CEB1A30}.Debug|Any CPU.ActiveCfg = Debug|Any CPU
		{18E69A7C-0554-41B5-83DD-6FB26CEB1A30}.Debug|Any CPU.Build.0 = Debug|Any CPU
		{18E69A7C-0554-41B5-83DD-6FB26CEB1A30}.Release|Any CPU.ActiveCfg = Release|Any CPU
		{18E69A7C-0554-41B5-83DD-6FB26CEB1A30}.Release|Any CPU.Build.0 = Release|Any CPU
		{690C1EF2-10AA-4F16-B10D-8D22DE17FA52}.Debug|Any CPU.ActiveCfg = Debug|Any CPU
		{690C1EF2-10AA-4F16-B10D-8D22DE17FA52}.Debug|Any CPU.Build.0 = Debug|Any CPU
		{690C1EF2-10AA-4F16-B10D-8D22DE17FA52}.Release|Any CPU.ActiveCfg = Release|Any CPU
		{690C1EF2-10AA-4F16-B10D-8D22DE17FA52}.Release|Any CPU.Build.0 = Release|Any CPU
	EndGlobalSection
	GlobalSection(SolutionProperties) = preSolution
		HideSolutionNode = FALSE
	EndGlobalSection
	GlobalSection(ExtensibilityGlobals) = postSolution
		SolutionGuid = {B6FA88E3-7314-4A76-BFC0-95769ABA34B7}
	EndGlobalSection
EndGlobal
